{
  "name": "futebolagora",
  "version": "0.2.5",
  "lockfileVersion": 3,
  "requires": true,
  "packages": {
    "": {
      "name": "futebolagora",
      "version": "0.2.5",
      "dependencies": {
        "next": "latest",
        "openai": "latest",
        "react": "latest",
        "react-dom": "latest",
        "pg": "latest"
      }
    }
  }
}
